// !$*UTF8*$!
{
	archiveVersion = 1;
	classes = {
	};
	objectVersion = 50;
	objects = {

/* Begin PBXBuildFile section */
		02180B8B2697DA260074DF9B /* Assets.xcassets in Resources */ = {isa = PBXBuildFile; fileRef = 02180B8A2697DA260074DF9B /* Assets.xcassets */; };
		026E0A4B2696A83D003AD3E0 /* Upgrade.swift in Sources */ = {isa = PBXBuildFile; fileRef = 026E0A4A2696A83D003AD3E0 /* Upgrade.swift */; };
		02713716268FB969005CC7D9 /* AppDelegate.swift in Sources */ = {isa = PBXBuildFile; fileRef = 02713715268FB969005CC7D9 /* AppDelegate.swift */; };
		02713718268FB969005CC7D9 /* SceneDelegate.swift in Sources */ = {isa = PBXBuildFile; fileRef = 02713717268FB969005CC7D9 /* SceneDelegate.swift */; };
		0271371A268FB969005CC7D9 /* ViewController.swift in Sources */ = {isa = PBXBuildFile; fileRef = 02713719268FB969005CC7D9 /* ViewController.swift */; };
		0271371D268FB969005CC7D9 /* Main.storyboard in Resources */ = {isa = PBXBuildFile; fileRef = 0271371B268FB969005CC7D9 /* Main.storyboard */; };
		02713722268FB96D005CC7D9 /* LaunchScreen.storyboard in Resources */ = {isa = PBXBuildFile; fileRef = 02713720268FB96D005CC7D9 /* LaunchScreen.storyboard */; };
		02C32FD6269B7C5D0043596E /* PizzaBrain.swift in Sources */ = {isa = PBXBuildFile; fileRef = 02C32FD5269B7C5D0043596E /* PizzaBrain.swift */; };
/* End PBXBuildFile section */

/* Begin PBXFileReference section */
		02180B8A2697DA260074DF9B /* Assets.xcassets */ = {isa = PBXFileReference; lastKnownFileType = folder.assetcatalog; path = Assets.xcassets; sourceTree = "<group>"; };
		026E0A4A2696A83D003AD3E0 /* Upgrade.swift */ = {isa = PBXFileReference; lastKnownFileType = sourcecode.swift; path = Upgrade.swift; sourceTree = "<group>"; };
		02713712268FB969005CC7D9 /* Pizza Clickers.app */ = {isa = PBXFileReference; explicitFileType = wrapper.application; includeInIndex = 0; path = "Pizza Clickers.app"; sourceTree = BUILT_PRODUCTS_DIR; };
		02713715268FB969005CC7D9 /* AppDelegate.swift */ = {isa = PBXFileReference; lastKnownFileType = sourcecode.swift; path = AppDelegate.swift; sourceTree = "<group>"; };
		02713717268FB969005CC7D9 /* SceneDelegate.swift */ = {isa = PBXFileReference; lastKnownFileType = sourcecode.swift; path = SceneDelegate.swift; sourceTree = "<group>"; };
		02713719268FB969005CC7D9 /* ViewController.swift */ = {isa = PBXFileReference; lastKnownFileType = sourcecode.swift; path = ViewController.swift; sourceTree = "<group>"; };
		0271371C268FB969005CC7D9 /* Base */ = {isa = PBXFileReference; lastKnownFileType = file.storyboard; name = Base; path = Base.lproj/Main.storyboard; sourceTree = "<group>"; };
		02713721268FB96D005CC7D9 /* Base */ = {isa = PBXFileReference; lastKnownFileType = file.storyboard; name = Base; path = Base.lproj/LaunchScreen.storyboard; sourceTree = "<group>"; };
		02713723268FB96D005CC7D9 /* Info.plist */ = {isa = PBXFileReference; lastKnownFileType = text.plist.xml; path = Info.plist; sourceTree = "<group>"; };
		02C32FD5269B7C5D0043596E /* PizzaBrain.swift */ = {isa = PBXFileReference; lastKnownFileType = sourcecode.swift; path = PizzaBrain.swift; sourceTree = "<group>"; };
/* End PBXFileReference section */

/* Begin PBXFrameworksBuildPhase section */
		0271370F268FB969005CC7D9 /* Frameworks */ = {
			isa = PBXFrameworksBuildPhase;
			buildActionMask = 2147483647;
			files = (
			);
			runOnlyForDeploymentPostprocessing = 0;
		};
/* End PBXFrameworksBuildPhase section */

/* Begin PBXGroup section */
		026E0A472696A6C3003AD3E0 /* Controls */ = {
			isa = PBXGroup;
			children = (
				02713719268FB969005CC7D9 /* ViewController.swift */,
			);
			path = Controls;
			sourceTree = "<group>";
		};
		026E0A482696A6CB003AD3E0 /* View */ = {
			isa = PBXGroup;
			children = (
				0271371B268FB969005CC7D9 /* Main.storyboard */,
			);
			path = View;
			sourceTree = "<group>";
		};
		026E0A492696A6DE003AD3E0 /* Model */ = {
			isa = PBXGroup;
			children = (
				026E0A4A2696A83D003AD3E0 /* Upgrade.swift */,
				02C32FD5269B7C5D0043596E /* PizzaBrain.swift */,
			);
			path = Model;
			sourceTree = "<group>";
		};
		02713709268FB969005CC7D9 = {
			isa = PBXGroup;
			children = (
				02713714268FB969005CC7D9 /* Pizza Clickers */,
				02713713268FB969005CC7D9 /* Products */,
			);
			sourceTree = "<group>";
		};
		02713713268FB969005CC7D9 /* Products */ = {
			isa = PBXGroup;
			children = (
				02713712268FB969005CC7D9 /* Pizza Clickers.app */,
			);
			name = Products;
			sourceTree = "<group>";
		};
		02713714268FB969005CC7D9 /* Pizza Clickers */ = {
			isa = PBXGroup;
			children = (
				02713715268FB969005CC7D9 /* AppDelegate.swift */,
				02713717268FB969005CC7D9 /* SceneDelegate.swift */,
				026E0A492696A6DE003AD3E0 /* Model */,
				026E0A472696A6C3003AD3E0 /* Controls */,
				026E0A482696A6CB003AD3E0 /* View */,
				02713720268FB96D005CC7D9 /* LaunchScreen.storyboard */,
				02180B8A2697DA260074DF9B /* Assets.xcassets */,
				02713723268FB96D005CC7D9 /* Info.plist */,
			);
			path = "Pizza Clickers";
			sourceTree = "<group>";
		};
/* End PBXGroup section */

/* Begin PBXNativeTarget section */
		02713711268FB969005CC7D9 /* Pizza Clickers */ = {
			isa = PBXNativeTarget;
			buildConfigurationList = 02713726268FB96D005CC7D9 /* Build configuration list for PBXNativeTarget "Pizza Clickers" */;
			buildPhases = (
				0271370E268FB969005CC7D9 /* Sources */,
				0271370F268FB969005CC7D9 /* Frameworks */,
				02713710268FB969005CC7D9 /* Resources */,
			);
			buildRules = (
			);
			dependencies = (
			);
			name = "Pizza Clickers";
			productName = "Pizza Clickers";
			productReference = 02713712268FB969005CC7D9 /* Pizza Clickers.app */;
			productType = "com.apple.product-type.application";
		};
/* End PBXNativeTarget section */

/* Begin PBXProject section */
		0271370A268FB969005CC7D9 /* Project object */ = {
			isa = PBXProject;
			attributes = {
				LastSwiftUpdateCheck = 1250;
				LastUpgradeCheck = 1250;
				TargetAttributes = {
					02713711268FB969005CC7D9 = {
						CreatedOnToolsVersion = 12.5;
					};
				};
			};
			buildConfigurationList = 0271370D268FB969005CC7D9 /* Build configuration list for PBXProject "Pizza Clickers" */;
			compatibilityVersion = "Xcode 9.3";
			developmentRegion = en;
			hasScannedForEncodings = 0;
			knownRegions = (
				en,
				Base,
			);
			mainGroup = 02713709268FB969005CC7D9;
			productRefGroup = 02713713268FB969005CC7D9 /* Products */;
			projectDirPath = "";
			projectRoot = "";
			targets = (
				02713711268FB969005CC7D9 /* Pizza Clickers */,
			);
		};
/* End PBXProject section */

/* Begin PBXResourcesBuildPhase section */
		02713710268FB969005CC7D9 /* Resources */ = {
			isa = PBXResourcesBuildPhase;
			buildActionMask = 2147483647;
			files = (
				02713722268FB96D005CC7D9 /* LaunchScreen.storyboard in Resources */,
				02180B8B2697DA260074DF9B /* Assets.xcassets in Resources */,
				0271371D268FB969005CC7D9 /* Main.storyboard in Resources */,
			);
			runOnlyForDeploymentPostprocessing = 0;
		};
/* End PBXResourcesBuildPhase section */

/* Begin PBXSourcesBuildPhase section */
		0271370E268FB969005CC7D9 /* Sources */ = {
			isa = PBXSourcesBuildPhase;
			buildActionMask = 2147483647;
			files = (
				026E0A4B2696A83D003AD3E0 /* Upgrade.swift in Sources */,
				0271371A268FB969005CC7D9 /* ViewController.swift in Sources */,
				02713716268FB969005CC7D9 /* AppDelegate.swift in Sources */,
				02713718268FB969005CC7D9 /* SceneDelegate.swift in Sources */,
				02C32FD6269B7C5D0043596E /* PizzaBrain.swift in Sources */,
			);
			runOnlyForDeploymentPostprocessing = 0;
		};
/* End PBXSourcesBuildPhase section */

/* Begin PBXVariantGroup section */
		0271371B268FB969005CC7D9 /* Main.storyboard */ = {
			isa = PBXVariantGroup;
			children = (
				0271371C268FB969005CC7D9 /* Base */,
			);
			name = Main.storyboard;
			sourceTree = "<group>";
		};
		02713720268FB96D005CC7D9 /* LaunchScreen.storyboard */ = {
			isa = PBXVariantGroup;
			children = (
				02713721268FB96D005CC7D9 /* Base */,
			);
			name = LaunchScreen.storyboard;
			sourceTree = "<group>";
		};
/* End PBXVariantGroup section */

/* Begin XCBuildConfiguration section */
		02713724268FB96D005CC7D9 /* Debug */ = {
			isa = XCBuildConfiguration;
			buildSettings = {
				ALWAYS_SEARCH_USER_PATHS = NO;
				CLANG_ANALYZER_NONNULL = YES;
				CLANG_ANALYZER_NUMBER_OBJECT_CONVERSION = YES_AGGRESSIVE;
				CLANG_CXX_LANGUAGE_STANDARD = "gnu++14";
				CLANG_CXX_LIBRARY = "libc++";
				CLANG_ENABLE_MODULES = YES;
				CLANG_ENABLE_OBJC_ARC = YES;
				CLANG_ENABLE_OBJC_WEAK = YES;
				CLANG_WARN_BLOCK_CAPTURE_AUTORELEASING = YES;
				CLANG_WARN_BOOL_CONVERSION = YES;
				CLANG_WARN_COMMA = YES;
				CLANG_WARN_CONSTANT_CONVERSION = YES;
				CLANG_WARN_DEPRECATED_OBJC_IMPLEMENTATIONS = YES;
				CLANG_WARN_DIRECT_OBJC_ISA_USAGE = YES_ERROR;
				CLANG_WARN_DOCUMENTATION_COMMENTS = YES;
				CLANG_WARN_EMPTY_BODY = YES;
				CLANG_WARN_ENUM_CONVERSION = YES;
				CLANG_WARN_INFINITE_RECURSION = YES;
				CLANG_WARN_INT_CONVERSION = YES;
				CLANG_WARN_NON_LITERAL_NULL_CONVERSION = YES;
				CLANG_WARN_OBJC_IMPLICIT_RETAIN_SELF = YES;
				CLANG_WARN_OBJC_LITERAL_CONVERSION = YES;
				CLANG_WARN_OBJC_ROOT_CLASS = YES_ERROR;
				CLANG_WARN_QUOTED_INCLUDE_IN_FRAMEWORK_HEADER = YES;
				CLANG_WARN_RANGE_LOOP_ANALYSIS = YES;
				CLANG_WARN_STRICT_PROTOTYPES = YES;
				CLANG_WARN_SUSPICIOUS_MOVE = YES;
				CLANG_WARN_UNGUARDED_AVAILABILITY = YES_AGGRESSIVE;
				CLANG_WARN_UNREACHABLE_CODE = YES;
				CLANG_WARN__DUPLICATE_METHOD_MATCH = YES;
				COPY_PHASE_STRIP = NO;
				DEBUG_INFORMATION_FORMAT = dwarf;
				ENABLE_STRICT_OBJC_MSGSEND = YES;
				ENABLE_TESTABILITY = YES;
				GCC_C_LANGUAGE_STANDARD = gnu11;
				GCC_DYNAMIC_NO_PIC = NO;
				GCC_NO_COMMON_BLOCKS = YES;
				GCC_OPTIMIZATION_LEVEL = 0;
				GCC_PREPROCESSOR_DEFINITIONS = (
					"DEBUG=1",
					"$(inherited)",
				);
				GCC_WARN_64_TO_32_BIT_CONVERSION = YES;
				GCC_WARN_ABOUT_RETURN_TYPE = YES_ERROR;
				GCC_WARN_UNDECLARED_SELECTOR = YES;
				GCC_WARN_UNINITIALIZED_AUTOS = YES_AGGRESSIVE;
				GCC_WARN_UNUSED_FUNCTION = YES;
				GCC_WARN_UNUSED_VARIABLE = YES;
				IPHONEOS_DEPLOYMENT_TARGET = 14.5;
				MTL_ENABLE_DEBUG_INFO = INCLUDE_SOURCE;
				MTL_FAST_MATH = YES;
				ONLY_ACTIVE_ARCH = YES;
				SDKROOT = iphoneos;
				SWIFT_ACTIVE_COMPILATION_CONDITIONS = DEBUG;
				SWIFT_OPTIMIZATION_LEVEL = "-Onone";
			};
			name = Debug;
		};
		02713725268FB96D005CC7D9 /* Release */ = {
			isa = XCBuildConfiguration;
			buildSettings = {
				ALWAYS_SEARCH_USER_PATHS = NO;
				CLANG_ANALYZER_NONNULL = YES;
				CLANG_ANALYZER_NUMBER_OBJECT_CONVERSION = YES_AGGRESSIVE;
				CLANG_CXX_LANGUAGE_STANDARD = "gnu++14";
				CLANG_CXX_LIBRARY = "libc++";
				CLANG_ENABLE_MODULES = YES;
				CLANG_ENABLE_OBJC_ARC = YES;
				CLANG_ENABLE_OBJC_WEAK = YES;
				CLANG_WARN_BLOCK_CAPTURE_AUTORELEASING = YES;
				CLANG_WARN_BOOL_CONVERSION = YES;
				CLANG_WARN_COMMA = YES;
				CLANG_WARN_CONSTANT_CONVERSION = YES;
				CLANG_WARN_DEPRECATED_OBJC_IMPLEMENTATIONS = YES;
				CLANG_WARN_DIRECT_OBJC_ISA_USAGE = YES_ERROR;
				CLANG_WARN_DOCUMENTATION_COMMENTS = YES;
				CLANG_WARN_EMPTY_BODY = YES;
				CLANG_WARN_ENUM_CONVERSION = YES;
				CLANG_WARN_INFINITE_RECURSION = YES;
				CLANG_WARN_INT_CONVERSION = YES;
				CLANG_WARN_NON_LITERAL_NULL_CONVERSION = YES;
				CLANG_WARN_OBJC_IMPLICIT_RETAIN_SELF = YES;
				CLANG_WARN_OBJC_LITERAL_CONVERSION = YES;
				CLANG_WARN_OBJC_ROOT_CLASS = YES_ERROR;
				CLANG_WARN_QUOTED_INCLUDE_IN_FRAMEWORK_HEADER = YES;
				CLANG_WARN_RANGE_LOOP_ANALYSIS = YES;
				CLANG_WARN_STRICT_PROTOTYPES = YES;
				CLANG_WARN_SUSPICIOUS_MOVE = YES;
				CLANG_WARN_UNGUARDED_AVAILABILITY = YES_AGGRESSIVE;
				CLANG_WARN_UNREACHABLE_CODE = YES;
				CLANG_WARN__DUPLICATE_METHOD_MATCH = YES;
				COPY_PHASE_STRIP = NO;
				DEBUG_INFORMATION_FORMAT = "dwarf-with-dsym";
				ENABLE_NS_ASSERTIONS = NO;
				ENABLE_STRICT_OBJC_MSGSEND = YES;
				GCC_C_LANGUAGE_STANDARD = gnu11;
				GCC_NO_COMMON_BLOCKS = YES;
				GCC_WARN_64_TO_32_BIT_CONVERSION = YES;
				GCC_WARN_ABOUT_RETURN_TYPE = YES_ERROR;
				GCC_WARN_UNDECLARED_SELECTOR = YES;
				GCC_WARN_UNINITIALIZED_AUTOS = YES_AGGRESSIVE;
				GCC_WARN_UNUSED_FUNCTION = YES;
				GCC_WARN_UNUSED_VARIABLE = YES;
				IPHONEOS_DEPLOYMENT_TARGET = 14.5;
				MTL_ENABLE_DEBUG_INFO = NO;
				MTL_FAST_MATH = YES;
				SDKROOT = iphoneos;
				SWIFT_COMPILATION_MODE = wholemodule;
				SWIFT_OPTIMIZATION_LEVEL = "-O";
				VALIDATE_PRODUCT = YES;
			};
			name = Release;
		};
		02713727268FB96D005CC7D9 /* Debug */ = {
			isa = XCBuildConfiguration;
			buildSettings = {
				ASSETCATALOG_COMPILER_APPICON_NAME = AppIcon;
				ASSETCATALOG_COMPILER_GLOBAL_ACCENT_COLOR_NAME = AccentColor;
				CODE_SIGN_STYLE = Automatic;
				DEVELOPMENT_TEAM = 428UNMT2BW;
				INFOPLIST_FILE = "Pizza Clickers/Info.plist";
				LD_RUNPATH_SEARCH_PATHS = (
					"$(inherited)",
					"@executable_path/Frameworks",
				);
				PRODUCT_BUNDLE_IDENTIFIER = "com.parsasaeedi.Pizza-Clickers";
				PRODUCT_NAME = "$(TARGET_NAME)";
				SWIFT_VERSION = 5.0;
				TARGETED_DEVICE_FAMILY = "1,2";
			};
			name = Debug;
		};
		02713728268FB96D005CC7D9 /* Release */ = {
			isa = XCBuildConfiguration;
			buildSettings = {
				ASSETCATALOG_COMPILER_APPICON_NAME = AppIcon;
				ASSETCATALOG_COMPILER_GLOBAL_ACCENT_COLOR_NAME = AccentColor;
				CODE_SIGN_STYLE = Automatic;
				DEVELOPMENT_TEAM = 428UNMT2BW;
				INFOPLIST_FILE = "Pizza Clickers/Info.plist";
				LD_RUNPATH_SEARCH_PATHS = (
					"$(inherited)",
					"@executable_path/Frameworks",
				);
				PRODUCT_BUNDLE_IDENTIFIER = "com.parsasaeedi.Pizza-Clickers";
				PRODUCT_NAME = "$(TARGET_NAME)";
				SWIFT_VERSION = 5.0;
				TARGETED_DEVICE_FAMILY = "1,2";
			};
			name = Release;
		};
/* End XCBuildConfiguration section */

/* Begin XCConfigurationList section */
		0271370D268FB969005CC7D9 /* Build configuration list for PBXProject "Pizza Clickers" */ = {
			isa = XCConfigurationList;
			buildConfigurations = (
				02713724268FB96D005CC7D9 /* Debug */,
				02713725268FB96D005CC7D9 /* Release */,
			);
			defaultConfigurationIsVisible = 0;
			defaultConfigurationName = Release;
		};
		02713726268FB96D005CC7D9 /* Build configuration list for PBXNativeTarget "Pizza Clickers" */ = {
			isa = XCConfigurationList;
			buildConfigurations = (
				02713727268FB96D005CC7D9 /* Debug */,
				02713728268FB96D005CC7D9 /* Release */,
			);
			defaultConfigurationIsVisible = 0;
			defaultConfigurationName = Release;
		};
/* End XCConfigurationList section */
	};
	rootObject = 0271370A268FB969005CC7D9 /* Project object */;
}
